
Microsoft Visual Studio Solution File, Format Version 12.00
# Visual Studio Version 17
VisualStudioVersion = 17.0.31903.59
MinimumVisualStudioVersion = 10.0.40219.1
Project("{2150E333-8FDC-42A3-9474-1A3956D46DE8}") = "src", "src", "{827E0CD3-B72D-47B6-A68D-7590B98EB39B}"
EndProject
Project("{FAE04EC0-301F-11D3-BF4B-00C04F79EFBC}") = "TempMail.Application", "src\TempMail.Application\TempMail.Application.csproj", "{C37CDEE3-270B-455A-A5EE-A69E4C614C08}"
EndProject
Project("{FAE04EC0-301F-11D3-BF4B-00C04F79EFBC}") = "TempMail.Domain", "src\TempMail.Domain\TempMail.Domain.csproj", "{DFA0D36C-4F58-4D5D-96E3-8EBAD7013310}"
EndProject
Project("{FAE04EC0-301F-11D3-BF4B-00C04F79EFBC}") = "TempMail.Shared", "src\TempMail.Shared\TempMail.Shared.csproj", "{68E572EC-8829-42CE-9932-8354546CEF2D}"
EndProject
Project("{FAE04EC0-301F-11D3-BF4B-00C04F79EFBC}") = "TempMail.Infrastructure", "src\TempMail.Infrastructure\TempMail.Infrastructure.csproj", "{DADA4EBA-4438-4CC1-B8F0-6752C5D617EB}"
EndProject
Project("{FAE04EC0-301F-11D3-BF4B-00C04F79EFBC}") = "TempMail.SmtpServer", "src\TempMail.SmtpServer\TempMail.SmtpServer.csproj", "{44367D18-6A0B-4C42-83C7-FD4038F07C3D}"
EndProject
Project("{FAE04EC0-301F-11D3-BF4B-00C04F79EFBC}") = "TempMail.Web", "src\TempMail.Web\TempMail.Web.csproj", "{B940D8F5-881D-42BE-A13F-85B50E59E0C9}"
EndProject
Project("{2150E333-8FDC-42A3-9474-1A3956D46DE8}") = "tests", "tests", "{0AB3BF05-4346-4AA6-1389-037BE0695223}"
EndProject
Project("{FAE04EC0-301F-11D3-BF4B-00C04F79EFBC}") = "TempMail.IntegrationTests", "tests\TempMail.IntegrationTests\TempMail.IntegrationTests.csproj", "{84A68C63-5664-42E8-B44A-BA7A730E2E1D}"
EndProject
Project("{FAE04EC0-301F-11D3-BF4B-00C04F79EFBC}") = "TempMail.UnitTests", "tests\TempMail.UnitTests\TempMail.UnitTests.csproj", "{6CDF0061-AE4C-4E9E-A644-044235C1B4DF}"
EndProject
Global
	GlobalSection(SolutionConfigurationPlatforms) = preSolution
		Debug|Any CPU = Debug|Any CPU
		Debug|x64 = Debug|x64
		Debug|x86 = Debug|x86
		Release|Any CPU = Release|Any CPU
		Release|x64 = Release|x64
		Release|x86 = Release|x86
	EndGlobalSection
	GlobalSection(ProjectConfigurationPlatforms) = postSolution
		{C37CDEE3-270B-455A-A5EE-A69E4C614C08}.Debug|Any CPU.ActiveCfg = Debug|Any CPU
		{C37CDEE3-270B-455A-A5EE-A69E4C614C08}.Debug|Any CPU.Build.0 = Debug|Any CPU
		{C37CDEE3-270B-455A-A5EE-A69E4C614C08}.Debug|x64.ActiveCfg = Debug|Any CPU
		{C37CDEE3-270B-455A-A5EE-A69E4C614C08}.Debug|x64.Build.0 = Debug|Any CPU
		{C37CDEE3-270B-455A-A5EE-A69E4C614C08}.Debug|x86.ActiveCfg = Debug|Any CPU
		{C37CDEE3-270B-455A-A5EE-A69E4C614C08}.Debug|x86.Build.0 = Debug|Any CPU
		{C37CDEE3-270B-455A-A5EE-A69E4C614C08}.Release|Any CPU.ActiveCfg = Release|Any CPU
		{C37CDEE3-270B-455A-A5EE-A69E4C614C08}.Release|Any CPU.Build.0 = Release|Any CPU
		{C37CDEE3-270B-455A-A5EE-A69E4C614C08}.Release|x64.ActiveCfg = Release|Any CPU
		{C37CDEE3-270B-455A-A5EE-A69E4C614C08}.Release|x64.Build.0 = Release|Any CPU
		{C37CDEE3-270B-455A-A5EE-A69E4C614C08}.Release|x86.ActiveCfg = Release|Any CPU
		{C37CDEE3-270B-455A-A5EE-A69E4C614C08}.Release|x86.Build.0 = Release|Any CPU
		{DFA0D36C-4F58-4D5D-96E3-8EBAD7013310}.Debug|Any CPU.ActiveCfg = Debug|Any CPU
		{DFA0D36C-4F58-4D5D-96E3-8EBAD7013310}.Debug|Any CPU.Build.0 = Debug|Any CPU
		{DFA0D36C-4F58-4D5D-96E3-8EBAD7013310}.Debug|x64.ActiveCfg = Debug|Any CPU
		{DFA0D36C-4F58-4D5D-96E3-8EBAD7013310}.Debug|x64.Build.0 = Debug|Any CPU
		{DFA0D36C-4F58-4D5D-96E3-8EBAD7013310}.Debug|x86.ActiveCfg = Debug|Any CPU
		{DFA0D36C-4F58-4D5D-96E3-8EBAD7013310}.Debug|x86.Build.0 = Debug|Any CPU
		{DFA0D36C-4F58-4D5D-96E3-8EBAD7013310}.Release|Any CPU.ActiveCfg = Release|Any CPU
		{DFA0D36C-4F58-4D5D-96E3-8EBAD7013310}.Release|Any CPU.Build.0 = Release|Any CPU
		{DFA0D36C-4F58-4D5D-96E3-8EBAD7013310}.Release|x64.ActiveCfg = Release|Any CPU
		{DFA0D36C-4F58-4D5D-96E3-8EBAD7013310}.Release|x64.Build.0 = Release|Any CPU
		{DFA0D36C-4F58-4D5D-96E3-8EBAD7013310}.Release|x86.ActiveCfg = Release|Any CPU
		{DFA0D36C-4F58-4D5D-96E3-8EBAD7013310}.Release|x86.Build.0 = Release|Any CPU
		{68E572EC-8829-42CE-9932-8354546CEF2D}.Debug|Any CPU.ActiveCfg = Debug|Any CPU
		{68E572EC-8829-42CE-9932-8354546CEF2D}.Debug|Any CPU.Build.0 = Debug|Any CPU
		{68E572EC-8829-42CE-9932-8354546CEF2D}.Debug|x64.ActiveCfg = Debug|Any CPU
		{68E572EC-8829-42CE-9932-8354546CEF2D}.Debug|x64.Build.0 = Debug|Any CPU
		{68E572EC-8829-42CE-9932-8354546CEF2D}.Debug|x86.ActiveCfg = Debug|Any CPU
		{68E572EC-8829-42CE-9932-8354546CEF2D}.Debug|x86.Build.0 = Debug|Any CPU
		{68E572EC-8829-42CE-9932-8354546CEF2D}.Release|Any CPU.ActiveCfg = Release|Any CPU
		{68E572EC-8829-42CE-9932-8354546CEF2D}.Release|Any CPU.Build.0 = Release|Any CPU
		{68E572EC-8829-42CE-9932-8354546CEF2D}.Release|x64.ActiveCfg = Release|Any CPU
		{68E572EC-8829-42CE-9932-8354546CEF2D}.Release|x64.Build.0 = Release|Any CPU
		{68E572EC-8829-42CE-9932-8354546CEF2D}.Release|x86.ActiveCfg = Release|Any CPU
		{68E572EC-8829-42CE-9932-8354546CEF2D}.Release|x86.Build.0 = Release|Any CPU
		{DADA4EBA-4438-4CC1-B8F0-6752C5D617EB}.Debug|Any CPU.ActiveCfg = Debug|Any CPU
		{DADA4EBA-4438-4CC1-B8F0-6752C5D617EB}.Debug|Any CPU.Build.0 = Debug|Any CPU
		{DADA4EBA-4438-4CC1-B8F0-6752C5D617EB}.Debug|x64.ActiveCfg = Debug|Any CPU
		{DADA4EBA-4438-4CC1-B8F0-6752C5D617EB}.Debug|x64.Build.0 = Debug|Any CPU
		{DADA4EBA-4438-4CC1-B8F0-6752C5D617EB}.Debug|x86.ActiveCfg = Debug|Any CPU
		{DADA4EBA-4438-4CC1-B8F0-6752C5D617EB}.Debug|x86.Build.0 = Debug|Any CPU
		{DADA4EBA-4438-4CC1-B8F0-6752C5D617EB}.Release|Any CPU.ActiveCfg = Release|Any CPU
		{DADA4EBA-4438-4CC1-B8F0-6752C5D617EB}.Release|Any CPU.Build.0 = Release|Any CPU
		{DADA4EBA-4438-4CC1-B8F0-6752C5D617EB}.Release|x64.ActiveCfg = Release|Any CPU
		{DADA4EBA-4438-4CC1-B8F0-6752C5D617EB}.Release|x64.Build.0 = Release|Any CPU
		{DADA4EBA-4438-4CC1-B8F0-6752C5D617EB}.Release|x86.ActiveCfg = Release|Any CPU
		{DADA4EBA-4438-4CC1-B8F0-6752C5D617EB}.Release|x86.Build.0 = Release|Any CPU
		{44367D18-6A0B-4C42-83C7-FD4038F07C3D}.Debug|Any CPU.ActiveCfg = Debug|Any CPU
		{44367D18-6A0B-4C42-83C7-FD4038F07C3D}.Debug|Any CPU.Build.0 = Debug|Any CPU
		{44367D18-6A0B-4C42-83C7-FD4038F07C3D}.Debug|x64.ActiveCfg = Debug|Any CPU
		{44367D18-6A0B-4C42-83C7-FD4038F07C3D}.Debug|x64.Build.0 = Debug|Any CPU
		{44367D18-6A0B-4C42-83C7-FD4038F07C3D}.Debug|x86.ActiveCfg = Debug|Any CPU
		{44367D18-6A0B-4C42-83C7-FD4038F07C3D}.Debug|x86.Build.0 = Debug|Any CPU
		{44367D18-6A0B-4C42-83C7-FD4038F07C3D}.Release|Any CPU.ActiveCfg = Release|Any CPU
		{44367D18-6A0B-4C42-83C7-FD4038F07C3D}.Release|Any CPU.Build.0 = Release|Any CPU
		{44367D18-6A0B-4C42-83C7-FD4038F07C3D}.Release|x64.ActiveCfg = Release|Any CPU
		{44367D18-6A0B-4C42-83C7-FD4038F07C3D}.Release|x64.Build.0 = Release|Any CPU
		{44367D18-6A0B-4C42-83C7-FD4038F07C3D}.Release|x86.ActiveCfg = Release|Any CPU
		{44367D18-6A0B-4C42-83C7-FD4038F07C3D}.Release|x86.Build.0 = Release|Any CPU
		{B940D8F5-881D-42BE-A13F-85B50E59E0C9}.Debug|Any CPU.ActiveCfg = Debug|Any CPU
		{B940D8F5-881D-42BE-A13F-85B50E59E0C9}.Debug|Any CPU.Build.0 = Debug|Any CPU
		{B940D8F5-881D-42BE-A13F-85B50E59E0C9}.Debug|x64.ActiveCfg = Debug|Any CPU
		{B940D8F5-881D-42BE-A13F-85B50E59E0C9}.Debug|x64.Build.0 = Debug|Any CPU
		{B940D8F5-881D-42BE-A13F-85B50E59E0C9}.Debug|x86.ActiveCfg = Debug|Any CPU
		{B940D8F5-881D-42BE-A13F-85B50E59E0C9}.Debug|x86.Build.0 = Debug|Any CPU
		{B940D8F5-881D-42BE-A13F-85B50E59E0C9}.Release|Any CPU.ActiveCfg = Release|Any CPU
		{B940D8F5-881D-42BE-A13F-85B50E59E0C9}.Release|Any CPU.Build.0 = Release|Any CPU
		{B940D8F5-881D-42BE-A13F-85B50E59E0C9}.Release|x64.ActiveCfg = Release|Any CPU
		{B940D8F5-881D-42BE-A13F-85B50E59E0C9}.Release|x64.Build.0 = Release|Any CPU
		{B940D8F5-881D-42BE-A13F-85B50E59E0C9}.Release|x86.ActiveCfg = Release|Any CPU
		{B940D8F5-881D-42BE-A13F-85B50E59E0C9}.Release|x86.Build.0 = Release|Any CPU
		{84A68C63-5664-42E8-B44A-BA7A730E2E1D}.Debug|Any CPU.ActiveCfg = Debug|Any CPU
		{84A68C63-5664-42E8-B44A-BA7A730E2E1D}.Debug|Any CPU.Build.0 = Debug|Any CPU
		{84A68C63-5664-42E8-B44A-BA7A730E2E1D}.Debug|x64.ActiveCfg = Debug|Any CPU
		{84A68C63-5664-42E8-B44A-BA7A730E2E1D}.Debug|x64.Build.0 = Debug|Any CPU
		{84A68C63-5664-42E8-B44A-BA7A730E2E1D}.Debug|x86.ActiveCfg = Debug|Any CPU
		{84A68C63-5664-42E8-B44A-BA7A730E2E1D}.Debug|x86.Build.0 = Debug|Any CPU
		{84A68C63-5664-42E8-B44A-BA7A730E2E1D}.Release|Any CPU.ActiveCfg = Release|Any CPU
		{84A68C63-5664-42E8-B44A-BA7A730E2E1D}.Release|Any CPU.Build.0 = Release|Any CPU
		{84A68C63-5664-42E8-B44A-BA7A730E2E1D}.Release|x64.ActiveCfg = Release|Any CPU
		{84A68C63-5664-42E8-B44A-BA7A730E2E1D}.Release|x64.Build.0 = Release|Any CPU
		{84A68C63-5664-42E8-B44A-BA7A730E2E1D}.Release|x86.ActiveCfg = Release|Any CPU
		{84A68C63-5664-42E8-B44A-BA7A730E2E1D}.Release|x86.Build.0 = Release|Any CPU
		{6CDF0061-AE4C-4E9E-A644-044235C1B4DF}.Debug|Any CPU.ActiveCfg = Debug|Any CPU
		{6CDF0061-AE4C-4E9E-A644-044235C1B4DF}.Debug|Any CPU.Build.0 = Debug|Any CPU
		{6CDF0061-AE4C-4E9E-A644-044235C1B4DF}.Debug|x64.ActiveCfg = Debug|Any CPU
		{6CDF0061-AE4C-4E9E-A644-044235C1B4DF}.Debug|x64.Build.0 = Debug|Any CPU
		{6CDF0061-AE4C-4E9E-A644-044235C1B4DF}.Debug|x86.ActiveCfg = Debug|Any CPU
		{6CDF0061-AE4C-4E9E-A644-044235C1B4DF}.Debug|x86.Build.0 = Debug|Any CPU
		{6CDF0061-AE4C-4E9E-A644-044235C1B4DF}.Release|Any CPU.ActiveCfg = Release|Any CPU
		{6CDF0061-AE4C-4E9E-A644-044235C1B4DF}.Release|Any CPU.Build.0 = Release|Any CPU
		{6CDF0061-AE4C-4E9E-A644-044235C1B4DF}.Release|x64.ActiveCfg = Release|Any CPU
		{6CDF0061-AE4C-4E9E-A644-044235C1B4DF}.Release|x64.Build.0 = Release|Any CPU
		{6CDF0061-AE4C-4E9E-A644-044235C1B4DF}.Release|x86.ActiveCfg = Release|Any CPU
		{6CDF0061-AE4C-4E9E-A644-044235C1B4DF}.Release|x86.Build.0 = Release|Any CPU
	EndGlobalSection
	GlobalSection(SolutionProperties) = preSolution
		HideSolutionNode = FALSE
	EndGlobalSection
	GlobalSection(NestedProjects) = preSolution
		{C37CDEE3-270B-455A-A5EE-A69E4C614C08} = {827E0CD3-B72D-47B6-A68D-7590B98EB39B}
		{DFA0D36C-4F58-4D5D-96E3-8EBAD7013310} = {827E0CD3-B72D-47B6-A68D-7590B98EB39B}
		{68E572EC-8829-42CE-9932-8354546CEF2D} = {827E0CD3-B72D-47B6-A68D-7590B98EB39B}
		{DADA4EBA-4438-4CC1-B8F0-6752C5D617EB} = {827E0CD3-B72D-47B6-A68D-7590B98EB39B}
		{44367D18-6A0B-4C42-83C7-FD4038F07C3D} = {827E0CD3-B72D-47B6-A68D-7590B98EB39B}
		{B940D8F5-881D-42BE-A13F-85B50E59E0C9} = {827E0CD3-B72D-47B6-A68D-7590B98EB39B}
		{84A68C63-5664-42E8-B44A-BA7A730E2E1D} = {0AB3BF05-4346-4AA6-1389-037BE0695223}
		{6CDF0061-AE4C-4E9E-A644-044235C1B4DF} = {0AB3BF05-4346-4AA6-1389-037BE0695223}
	EndGlobalSection
EndGlobal
